PODS:
  - fitness (0.0.1):
    - Flutter
  - Flutter (1.0.0)

DEPENDENCIES:
  - fitness (from `.symlinks/plugins/fitness/ios`)
  - Flutter (from `Flutter`)

EXTERNAL SOURCES:
  fitness:
    :path: ".symlinks/plugins/fitness/ios"
  Flutter:
    :path: Flutter

SPEC CHECKSUMS:
  fitness: 7170c65c2078490b06a74a9d1ce4b7464097237a
  Flutter: 434fef37c0980e73bb6479ef766c45957d4b510c

PODFILE CHECKSUM: aafe91acc616949ddb318b77800a7f51bffa2a4c

COCOAPODS: 1.10.1
